
Microsoft Visual Studio Solution File, Format Version 12.00
# Visual Studio Version 17
VisualStudioVersion = 17.11.35222.181
MinimumVisualStudioVersion = 10.0.40219.1
Project("{FAE04EC0-301F-11D3-BF4B-00C04F79EFBC}") = "ООО Поломка", "ООО Поломка\ООО Поломка.csproj", "{D634F029-DFAA-4E4A-AD6B-B597999B449B}"
EndProject
Global
	GlobalSection(SolutionConfigurationPlatforms) = preSolution
		Debug|Any CPU = Debug|Any CPU
		Release|Any CPU = Release|Any CPU
	EndGlobalSection
	GlobalSection(ProjectConfigurationPlatforms) = postSolution
		{D634F029-DFAA-4E4A-AD6B-B597999B449B}.Debug|Any CPU.ActiveCfg = Debug|Any CPU
		{D634F029-DFAA-4E4A-AD6B-B597999B449B}.Debug|Any CPU.Build.0 = Debug|Any CPU
		{D634F029-DFAA-4E4A-AD6B-B597999B449B}.Release|Any CPU.ActiveCfg = Release|Any CPU
		{D634F029-DFAA-4E4A-AD6B-B597999B449B}.Release|Any CPU.Build.0 = Release|Any CPU
	EndGlobalSection
	GlobalSection(SolutionProperties) = preSolution
		HideSolutionNode = FALSE
	EndGlobalSection
	GlobalSection(ExtensibilityGlobals) = postSolution
		SolutionGuid = {E701B612-07FF-4AFA-AD91-18300AA128C5}
	EndGlobalSection
EndGlobal
